// !$*UTF8*$!
{
	archiveVersion = 1;
	classes = {
	};
	objectVersion = 46;
	objects = {

/* Begin PBXBuildFile section */
		4A47DD8E1CA0B0C300A232FD /* DataConditionerOperation.swift in Sources */ = {isa = PBXBuildFile; fileRef = 4A47DD861CA0B0C300A232FD /* DataConditionerOperation.swift */; };
		4A47DD8F1CA0B0C300A232FD /* JSONCollectionProcessor.swift in Sources */ = {isa = PBXBuildFile; fileRef = 4A47DD871CA0B0C300A232FD /* JSONCollectionProcessor.swift */; };
		4A47DD901CA0B0C300A232FD /* JSONEntityProcessor.swift in Sources */ = {isa = PBXBuildFile; fileRef = 4A47DD881CA0B0C300A232FD /* JSONEntityProcessor.swift */; };
		4A47DD911CA0B0C300A232FD /* JSONAttributeProcessor.swift in Sources */ = {isa = PBXBuildFile; fileRef = 4A47DD891CA0B0C300A232FD /* JSONAttributeProcessor.swift */; };
		4A47DD921CA0B0C300A232FD /* NotificationProcessor.swift in Sources */ = {isa = PBXBuildFile; fileRef = 4A47DD8A1CA0B0C300A232FD /* NotificationProcessor.swift */; };
		4A47DD931CA0B0C300A232FD /* JSONObjectDataConditionerFactory.swift in Sources */ = {isa = PBXBuildFile; fileRef = 4A47DD8B1CA0B0C300A232FD /* JSONObjectDataConditionerFactory.swift */; };
		4A47DD941CA0B0C300A232FD /* JSONObjectConditioner.swift in Sources */ = {isa = PBXBuildFile; fileRef = 4A47DD8C1CA0B0C300A232FD /* JSONObjectConditioner.swift */; };
		4A47DD951CA0B0C300A232FD /* ImageDataProcessor.swift in Sources */ = {isa = PBXBuildFile; fileRef = 4A47DD8D1CA0B0C300A232FD /* ImageDataProcessor.swift */; };
		4A47DD981CA2275B00A232FD /* DataLayerDelegate.swift in Sources */ = {isa = PBXBuildFile; fileRef = 4A47DD971CA2275B00A232FD /* DataLayerDelegate.swift */; };
		4A47DD9A1CA497F100A232FD /* TransactionDelegate.swift in Sources */ = {isa = PBXBuildFile; fileRef = 4A47DD991CA497F100A232FD /* TransactionDelegate.swift */; };
		4A6A20A91C98AE96001D8A41 /* DataLayer.swift in Sources */ = {isa = PBXBuildFile; fileRef = 4A6A20A81C98AE96001D8A41 /* DataLayer.swift */; };
		4A6A20AB1C98AE9F001D8A41 /* PersistentStoreCoordinator.swift in Sources */ = {isa = PBXBuildFile; fileRef = 4A6A20AA1C98AE9F001D8A41 /* PersistentStoreCoordinator.swift */; };
		4A6A20AD1C98B59C001D8A41 /* OperationGraphManager.swift in Sources */ = {isa = PBXBuildFile; fileRef = 4A6A20AC1C98B59C001D8A41 /* OperationGraphManager.swift */; };
		4A6A20AF1C98B5AC001D8A41 /* StoreReference.swift in Sources */ = {isa = PBXBuildFile; fileRef = 4A6A20AE1C98B5AC001D8A41 /* StoreReference.swift */; };
		4A6A20B11C98B5B2001D8A41 /* NetworkStoreRequest.swift in Sources */ = {isa = PBXBuildFile; fileRef = 4A6A20B01C98B5B2001D8A41 /* NetworkStoreRequest.swift */; };
		4A6A20B31C98B5B8001D8A41 /* NetworkStoreFetchRequest.swift in Sources */ = {isa = PBXBuildFile; fileRef = 4A6A20B21C98B5B8001D8A41 /* NetworkStoreFetchRequest.swift */; };
		4A6A20B51C98B5DD001D8A41 /* NetworkStoreSaveRequest.swift in Sources */ = {isa = PBXBuildFile; fileRef = 4A6A20B41C98B5DD001D8A41 /* NetworkStoreSaveRequest.swift */; };
		4A6A20B71C98B5FC001D8A41 /* Constants.swift in Sources */ = {isa = PBXBuildFile; fileRef = 4A6A20B61C98B5FC001D8A41 /* Constants.swift */; };
		4A6A20BA1C98BA3E001D8A41 /* TransactionOperation.swift in Sources */ = {isa = PBXBuildFile; fileRef = 4A6A20B91C98BA3E001D8A41 /* TransactionOperation.swift */; };
		4A6A20C21C98BB82001D8A41 /* EntityProcessor.swift in Sources */ = {isa = PBXBuildFile; fileRef = 4A6A20BB1C98BB82001D8A41 /* EntityProcessor.swift */; };
		4A6A20C31C98BB82001D8A41 /* InsertionFactory.swift in Sources */ = {isa = PBXBuildFile; fileRef = 4A6A20BC1C98BB82001D8A41 /* InsertionFactory.swift */; };
		4A6A20C41C98BB82001D8A41 /* UpdateFactory.swift in Sources */ = {isa = PBXBuildFile; fileRef = 4A6A20BD1C98BB82001D8A41 /* UpdateFactory.swift */; };
		4A6A20C51C98BB82001D8A41 /* DeletionFactory.swift in Sources */ = {isa = PBXBuildFile; fileRef = 4A6A20BE1C98BB82001D8A41 /* DeletionFactory.swift */; };
		4A6A20C61C98BB82001D8A41 /* RemoteStoreRequest.swift in Sources */ = {isa = PBXBuildFile; fileRef = 4A6A20BF1C98BB82001D8A41 /* RemoteStoreRequest.swift */; };
		4A6A20C71C98BB82001D8A41 /* NSURLRequest+RequestResponse.swift in Sources */ = {isa = PBXBuildFile; fileRef = 4A6A20C01C98BB82001D8A41 /* NSURLRequest+RequestResponse.swift */; };
		4A6A20C91C98CA87001D8A41 /* RequestConstructionOperation.swift in Sources */ = {isa = PBXBuildFile; fileRef = 4A6A20C81C98CA87001D8A41 /* RequestConstructionOperation.swift */; };
		4A6A20CB1C98CDE0001D8A41 /* RequestDataOperation.swift in Sources */ = {isa = PBXBuildFile; fileRef = 4A6A20CA1C98CDE0001D8A41 /* RequestDataOperation.swift */; };
		4A6A20CD1C98D033001D8A41 /* RequestValidation.swift in Sources */ = {isa = PBXBuildFile; fileRef = 4A6A20CC1C98D033001D8A41 /* RequestValidation.swift */; };
		4A6A20CF1C98D09F001D8A41 /* RemoteStoreRequestOperation.swift in Sources */ = {isa = PBXBuildFile; fileRef = 4A6A20CE1C98D09F001D8A41 /* RemoteStoreRequestOperation.swift */; };
		4A6A20D11C98D0B8001D8A41 /* DataConditioningOperation.swift in Sources */ = {isa = PBXBuildFile; fileRef = 4A6A20D01C98D0B8001D8A41 /* DataConditioningOperation.swift */; };
		4A6A20D31C98D0DA001D8A41 /* ContextValidatorOperation.swift in Sources */ = {isa = PBXBuildFile; fileRef = 4A6A20D21C98D0DA001D8A41 /* ContextValidatorOperation.swift */; };
		4AB054D91C8FDF08006FCFCA /* DataDriver.h in Headers */ = {isa = PBXBuildFile; fileRef = 4AB054D81C8FDF08006FCFCA /* DataDriver.h */; settings = {ATTRIBUTES = (Public, ); }; };
		4AB054E01C8FDF08006FCFCA /* DataDriver.framework in Frameworks */ = {isa = PBXBuildFile; fileRef = 4AB054D51C8FDF08006FCFCA /* DataDriver.framework */; };
		4AB054E51C8FDF08006FCFCA /* DataDriverTests.swift in Sources */ = {isa = PBXBuildFile; fileRef = 4AB054E41C8FDF08006FCFCA /* DataDriverTests.swift */; };
		4AB0550F1C8FDFE2006FCFCA /* BlockObserver.swift in Sources */ = {isa = PBXBuildFile; fileRef = 4AB054F01C8FDFE2006FCFCA /* BlockObserver.swift */; };
		4AB055101C8FDFE2006FCFCA /* BlockOperation.swift in Sources */ = {isa = PBXBuildFile; fileRef = 4AB054F11C8FDFE2006FCFCA /* BlockOperation.swift */; };
		4AB055111C8FDFE2006FCFCA /* CalendarCondition.swift in Sources */ = {isa = PBXBuildFile; fileRef = 4AB054F21C8FDFE2006FCFCA /* CalendarCondition.swift */; };
		4AB055121C8FDFE2006FCFCA /* CKContainer+Operations.swift in Sources */ = {isa = PBXBuildFile; fileRef = 4AB054F31C8FDFE2006FCFCA /* CKContainer+Operations.swift */; };
		4AB055131C8FDFE2006FCFCA /* CloudCondition.swift in Sources */ = {isa = PBXBuildFile; fileRef = 4AB054F41C8FDFE2006FCFCA /* CloudCondition.swift */; };
		4AB055141C8FDFE2006FCFCA /* DelayOperation.swift in Sources */ = {isa = PBXBuildFile; fileRef = 4AB054F51C8FDFE2006FCFCA /* DelayOperation.swift */; };
		4AB055151C8FDFE2006FCFCA /* Dictionary+Operations.swift in Sources */ = {isa = PBXBuildFile; fileRef = 4AB054F61C8FDFE2006FCFCA /* Dictionary+Operations.swift */; };
		4AB055161C8FDFE2006FCFCA /* ExclusivityController.swift in Sources */ = {isa = PBXBuildFile; fileRef = 4AB054F71C8FDFE2006FCFCA /* ExclusivityController.swift */; };
		4AB055171C8FDFE2006FCFCA /* GroupOperation.swift in Sources */ = {isa = PBXBuildFile; fileRef = 4AB054F81C8FDFE2006FCFCA /* GroupOperation.swift */; };
		4AB055181C8FDFE2006FCFCA /* HealthCondition.swift in Sources */ = {isa = PBXBuildFile; fileRef = 4AB054F91C8FDFE2006FCFCA /* HealthCondition.swift */; };
		4AB055191C8FDFE2006FCFCA /* LocationCondition.swift in Sources */ = {isa = PBXBuildFile; fileRef = 4AB054FA1C8FDFE2006FCFCA /* LocationCondition.swift */; };
		4AB0551A1C8FDFE2006FCFCA /* LocationOperation.swift in Sources */ = {isa = PBXBuildFile; fileRef = 4AB054FB1C8FDFE2006FCFCA /* LocationOperation.swift */; };
		4AB0551B1C8FDFE2006FCFCA /* MutuallyExclusive.swift in Sources */ = {isa = PBXBuildFile; fileRef = 4AB054FC1C8FDFE2006FCFCA /* MutuallyExclusive.swift */; };
		4AB0551C1C8FDFE2006FCFCA /* NegatedCondition.swift in Sources */ = {isa = PBXBuildFile; fileRef = 4AB054FD1C8FDFE2006FCFCA /* NegatedCondition.swift */; };
		4AB0551D1C8FDFE2006FCFCA /* NoCancelledDependencies.swift in Sources */ = {isa = PBXBuildFile; fileRef = 4AB054FE1C8FDFE2006FCFCA /* NoCancelledDependencies.swift */; };
		4AB0551E1C8FDFE2006FCFCA /* NSLock+Operations.swift in Sources */ = {isa = PBXBuildFile; fileRef = 4AB054FF1C8FDFE2006FCFCA /* NSLock+Operations.swift */; };
		4AB0551F1C8FDFE2006FCFCA /* NSOperation+Operations.swift in Sources */ = {isa = PBXBuildFile; fileRef = 4AB055001C8FDFE2006FCFCA /* NSOperation+Operations.swift */; };
		4AB055201C8FDFE2006FCFCA /* Operation.swift in Sources */ = {isa = PBXBuildFile; fileRef = 4AB055011C8FDFE2006FCFCA /* Operation.swift */; };
		4AB055211C8FDFE2006FCFCA /* OperationCondition.swift in Sources */ = {isa = PBXBuildFile; fileRef = 4AB055021C8FDFE2006FCFCA /* OperationCondition.swift */; };
		4AB055221C8FDFE2006FCFCA /* OperationErrors.swift in Sources */ = {isa = PBXBuildFile; fileRef = 4AB055031C8FDFE2006FCFCA /* OperationErrors.swift */; };
		4AB055231C8FDFE2006FCFCA /* OperationObserver.swift in Sources */ = {isa = PBXBuildFile; fileRef = 4AB055041C8FDFE2006FCFCA /* OperationObserver.swift */; };
		4AB055241C8FDFE2006FCFCA /* OperationQueue.swift in Sources */ = {isa = PBXBuildFile; fileRef = 4AB055051C8FDFE2006FCFCA /* OperationQueue.swift */; };
		4AB055251C8FDFE2006FCFCA /* PassbookCondition.swift in Sources */ = {isa = PBXBuildFile; fileRef = 4AB055061C8FDFE2006FCFCA /* PassbookCondition.swift */; };
		4AB055261C8FDFE2006FCFCA /* PhotosCondition.swift in Sources */ = {isa = PBXBuildFile; fileRef = 4AB055071C8FDFE2006FCFCA /* PhotosCondition.swift */; };
		4AB055271C8FDFE2006FCFCA /* ReachabilityCondition.swift in Sources */ = {isa = PBXBuildFile; fileRef = 4AB055081C8FDFE2006FCFCA /* ReachabilityCondition.swift */; };
		4AB055281C8FDFE2006FCFCA /* RemoteNotificationCondition.swift in Sources */ = {isa = PBXBuildFile; fileRef = 4AB055091C8FDFE2006FCFCA /* RemoteNotificationCondition.swift */; };
		4AB055291C8FDFE2006FCFCA /* SilentCondition.swift in Sources */ = {isa = PBXBuildFile; fileRef = 4AB0550A1C8FDFE2006FCFCA /* SilentCondition.swift */; };
		4AB0552A1C8FDFE2006FCFCA /* TimeoutObserver.swift in Sources */ = {isa = PBXBuildFile; fileRef = 4AB0550B1C8FDFE2006FCFCA /* TimeoutObserver.swift */; };
		4AB0552B1C8FDFE2006FCFCA /* UIUserNotifications+Operations.swift in Sources */ = {isa = PBXBuildFile; fileRef = 4AB0550C1C8FDFE2006FCFCA /* UIUserNotifications+Operations.swift */; };
		4AB0552C1C8FDFE2006FCFCA /* URLSessionTaskOperation.swift in Sources */ = {isa = PBXBuildFile; fileRef = 4AB0550D1C8FDFE2006FCFCA /* URLSessionTaskOperation.swift */; };
		4AB0552D1C8FDFE2006FCFCA /* UserNotificationCondition.swift in Sources */ = {isa = PBXBuildFile; fileRef = 4AB0550E1C8FDFE2006FCFCA /* UserNotificationCondition.swift */; };
/* End PBXBuildFile section */

/* Begin PBXContainerItemProxy section */
		4AB054E11C8FDF08006FCFCA /* PBXContainerItemProxy */ = {
			isa = PBXContainerItemProxy;
			containerPortal = 4AB054CC1C8FDF08006FCFCA /* Project object */;
			proxyType = 1;
			remoteGlobalIDString = 4AB054D41C8FDF08006FCFCA;
			remoteInfo = DataDriver;
		};
/* End PBXContainerItemProxy section */

/* Begin PBXFileReference section */
		4A47DD861CA0B0C300A232FD /* DataConditionerOperation.swift */ = {isa = PBXFileReference; fileEncoding = 4; lastKnownFileType = sourcecode.swift; path = DataConditionerOperation.swift; sourceTree = "<group>"; };
		4A47DD871CA0B0C300A232FD /* JSONCollectionProcessor.swift */ = {isa = PBXFileReference; fileEncoding = 4; lastKnownFileType = sourcecode.swift; path = JSONCollectionProcessor.swift; sourceTree = "<group>"; };
		4A47DD881CA0B0C300A232FD /* JSONEntityProcessor.swift */ = {isa = PBXFileReference; fileEncoding = 4; lastKnownFileType = sourcecode.swift; path = JSONEntityProcessor.swift; sourceTree = "<group>"; };
		4A47DD891CA0B0C300A232FD /* JSONAttributeProcessor.swift */ = {isa = PBXFileReference; fileEncoding = 4; lastKnownFileType = sourcecode.swift; path = JSONAttributeProcessor.swift; sourceTree = "<group>"; };
		4A47DD8A1CA0B0C300A232FD /* NotificationProcessor.swift */ = {isa = PBXFileReference; fileEncoding = 4; lastKnownFileType = sourcecode.swift; path = NotificationProcessor.swift; sourceTree = "<group>"; };
		4A47DD8B1CA0B0C300A232FD /* JSONObjectDataConditionerFactory.swift */ = {isa = PBXFileReference; fileEncoding = 4; lastKnownFileType = sourcecode.swift; path = JSONObjectDataConditionerFactory.swift; sourceTree = "<group>"; };
		4A47DD8C1CA0B0C300A232FD /* JSONObjectConditioner.swift */ = {isa = PBXFileReference; fileEncoding = 4; lastKnownFileType = sourcecode.swift; path = JSONObjectConditioner.swift; sourceTree = "<group>"; };
		4A47DD8D1CA0B0C300A232FD /* ImageDataProcessor.swift */ = {isa = PBXFileReference; fileEncoding = 4; lastKnownFileType = sourcecode.swift; path = ImageDataProcessor.swift; sourceTree = "<group>"; };
		4A47DD971CA2275B00A232FD /* DataLayerDelegate.swift */ = {isa = PBXFileReference; fileEncoding = 4; lastKnownFileType = sourcecode.swift; path = DataLayerDelegate.swift; sourceTree = "<group>"; };
		4A47DD991CA497F100A232FD /* TransactionDelegate.swift */ = {isa = PBXFileReference; fileEncoding = 4; lastKnownFileType = sourcecode.swift; path = TransactionDelegate.swift; sourceTree = "<group>"; };
		4A6A20A81C98AE96001D8A41 /* DataLayer.swift */ = {isa = PBXFileReference; fileEncoding = 4; lastKnownFileType = sourcecode.swift; path = DataLayer.swift; sourceTree = "<group>"; };
		4A6A20AA1C98AE9F001D8A41 /* PersistentStoreCoordinator.swift */ = {isa = PBXFileReference; fileEncoding = 4; lastKnownFileType = sourcecode.swift; path = PersistentStoreCoordinator.swift; sourceTree = "<group>"; };
		4A6A20AC1C98B59C001D8A41 /* OperationGraphManager.swift */ = {isa = PBXFileReference; fileEncoding = 4; lastKnownFileType = sourcecode.swift; path = OperationGraphManager.swift; sourceTree = "<group>"; };
		4A6A20AE1C98B5AC001D8A41 /* StoreReference.swift */ = {isa = PBXFileReference; fileEncoding = 4; lastKnownFileType = sourcecode.swift; path = StoreReference.swift; sourceTree = "<group>"; };
		4A6A20B01C98B5B2001D8A41 /* NetworkStoreRequest.swift */ = {isa = PBXFileReference; fileEncoding = 4; lastKnownFileType = sourcecode.swift; path = NetworkStoreRequest.swift; sourceTree = "<group>"; };
		4A6A20B21C98B5B8001D8A41 /* NetworkStoreFetchRequest.swift */ = {isa = PBXFileReference; fileEncoding = 4; lastKnownFileType = sourcecode.swift; path = NetworkStoreFetchRequest.swift; sourceTree = "<group>"; };
		4A6A20B41C98B5DD001D8A41 /* NetworkStoreSaveRequest.swift */ = {isa = PBXFileReference; fileEncoding = 4; lastKnownFileType = sourcecode.swift; path = NetworkStoreSaveRequest.swift; sourceTree = "<group>"; };
		4A6A20B61C98B5FC001D8A41 /* Constants.swift */ = {isa = PBXFileReference; fileEncoding = 4; lastKnownFileType = sourcecode.swift; path = Constants.swift; sourceTree = "<group>"; };
		4A6A20B91C98BA3E001D8A41 /* TransactionOperation.swift */ = {isa = PBXFileReference; fileEncoding = 4; lastKnownFileType = sourcecode.swift; path = TransactionOperation.swift; sourceTree = "<group>"; };
		4A6A20BB1C98BB82001D8A41 /* EntityProcessor.swift */ = {isa = PBXFileReference; fileEncoding = 4; lastKnownFileType = sourcecode.swift; name = EntityProcessor.swift; path = "../../../../Crafted Sky, Inc./DataDriver/DataDriver/DataDriver/EntityProcessor.swift"; sourceTree = "<group>"; };
		4A6A20BC1C98BB82001D8A41 /* InsertionFactory.swift */ = {isa = PBXFileReference; fileEncoding = 4; lastKnownFileType = sourcecode.swift; name = InsertionFactory.swift; path = "../../../../Crafted Sky, Inc./DataDriver/DataDriver/DataDriver/InsertionFactory.swift"; sourceTree = "<group>"; };
		4A6A20BD1C98BB82001D8A41 /* UpdateFactory.swift */ = {isa = PBXFileReference; fileEncoding = 4; lastKnownFileType = sourcecode.swift; name = UpdateFactory.swift; path = "../../../../Crafted Sky, Inc./DataDriver/DataDriver/DataDriver/UpdateFactory.swift"; sourceTree = "<group>"; };
		4A6A20BE1C98BB82001D8A41 /* DeletionFactory.swift */ = {isa = PBXFileReference; fileEncoding = 4; lastKnownFileType = sourcecode.swift; name = DeletionFactory.swift; path = "../../../../Crafted Sky, Inc./DataDriver/DataDriver/DataDriver/DeletionFactory.swift"; sourceTree = "<group>"; };
		4A6A20BF1C98BB82001D8A41 /* RemoteStoreRequest.swift */ = {isa = PBXFileReference; fileEncoding = 4; lastKnownFileType = sourcecode.swift; name = RemoteStoreRequest.swift; path = "../../../../Crafted Sky, Inc./DataDriver/DataDriver/DataDriver/RemoteStoreRequest.swift"; sourceTree = "<group>"; };
		4A6A20C01C98BB82001D8A41 /* NSURLRequest+RequestResponse.swift */ = {isa = PBXFileReference; fileEncoding = 4; lastKnownFileType = sourcecode.swift; name = "NSURLRequest+RequestResponse.swift"; path = "../../../../Crafted Sky, Inc./DataDriver/DataDriver/DataDriver/NSURLRequest+RequestResponse.swift"; sourceTree = "<group>"; };
		4A6A20C81C98CA87001D8A41 /* RequestConstructionOperation.swift */ = {isa = PBXFileReference; fileEncoding = 4; lastKnownFileType = sourcecode.swift; path = RequestConstructionOperation.swift; sourceTree = "<group>"; };
		4A6A20CA1C98CDE0001D8A41 /* RequestDataOperation.swift */ = {isa = PBXFileReference; fileEncoding = 4; lastKnownFileType = sourcecode.swift; path = RequestDataOperation.swift; sourceTree = "<group>"; };
		4A6A20CC1C98D033001D8A41 /* RequestValidation.swift */ = {isa = PBXFileReference; fileEncoding = 4; lastKnownFileType = sourcecode.swift; path = RequestValidation.swift; sourceTree = "<group>"; };
		4A6A20CE1C98D09F001D8A41 /* RemoteStoreRequestOperation.swift */ = {isa = PBXFileReference; fileEncoding = 4; lastKnownFileType = sourcecode.swift; path = RemoteStoreRequestOperation.swift; sourceTree = "<group>"; };
		4A6A20D01C98D0B8001D8A41 /* DataConditioningOperation.swift */ = {isa = PBXFileReference; fileEncoding = 4; lastKnownFileType = sourcecode.swift; path = DataConditioningOperation.swift; sourceTree = "<group>"; };
		4A6A20D21C98D0DA001D8A41 /* ContextValidatorOperation.swift */ = {isa = PBXFileReference; fileEncoding = 4; lastKnownFileType = sourcecode.swift; path = ContextValidatorOperation.swift; sourceTree = "<group>"; };
		4AB054D51C8FDF08006FCFCA /* DataDriver.framework */ = {isa = PBXFileReference; explicitFileType = wrapper.framework; includeInIndex = 0; path = DataDriver.framework; sourceTree = BUILT_PRODUCTS_DIR; };
		4AB054D81C8FDF08006FCFCA /* DataDriver.h */ = {isa = PBXFileReference; lastKnownFileType = sourcecode.c.h; path = DataDriver.h; sourceTree = "<group>"; };
		4AB054DA1C8FDF08006FCFCA /* Info.plist */ = {isa = PBXFileReference; lastKnownFileType = text.plist.xml; path = Info.plist; sourceTree = "<group>"; };
		4AB054DF1C8FDF08006FCFCA /* DataDriverTests.xctest */ = {isa = PBXFileReference; explicitFileType = wrapper.cfbundle; includeInIndex = 0; path = DataDriverTests.xctest; sourceTree = BUILT_PRODUCTS_DIR; };
		4AB054E41C8FDF08006FCFCA /* DataDriverTests.swift */ = {isa = PBXFileReference; lastKnownFileType = sourcecode.swift; path = DataDriverTests.swift; sourceTree = "<group>"; };
		4AB054E61C8FDF08006FCFCA /* Info.plist */ = {isa = PBXFileReference; lastKnownFileType = text.plist.xml; path = Info.plist; sourceTree = "<group>"; };
		4AB054F01C8FDFE2006FCFCA /* BlockObserver.swift */ = {isa = PBXFileReference; fileEncoding = 4; lastKnownFileType = sourcecode.swift; path = BlockObserver.swift; sourceTree = "<group>"; };
		4AB054F11C8FDFE2006FCFCA /* BlockOperation.swift */ = {isa = PBXFileReference; fileEncoding = 4; lastKnownFileType = sourcecode.swift; path = BlockOperation.swift; sourceTree = "<group>"; };
		4AB054F21C8FDFE2006FCFCA /* CalendarCondition.swift */ = {isa = PBXFileReference; fileEncoding = 4; lastKnownFileType = sourcecode.swift; path = CalendarCondition.swift; sourceTree = "<group>"; };
		4AB054F31C8FDFE2006FCFCA /* CKContainer+Operations.swift */ = {isa = PBXFileReference; fileEncoding = 4; lastKnownFileType = sourcecode.swift; path = "CKContainer+Operations.swift"; sourceTree = "<group>"; };
		4AB054F41C8FDFE2006FCFCA /* CloudCondition.swift */ = {isa = PBXFileReference; fileEncoding = 4; lastKnownFileType = sourcecode.swift; path = CloudCondition.swift; sourceTree = "<group>"; };
		4AB054F51C8FDFE2006FCFCA /* DelayOperation.swift */ = {isa = PBXFileReference; fileEncoding = 4; lastKnownFileType = sourcecode.swift; path = DelayOperation.swift; sourceTree = "<group>"; };
		4AB054F61C8FDFE2006FCFCA /* Dictionary+Operations.swift */ = {isa = PBXFileReference; fileEncoding = 4; lastKnownFileType = sourcecode.swift; path = "Dictionary+Operations.swift"; sourceTree = "<group>"; };
		4AB054F71C8FDFE2006FCFCA /* ExclusivityController.swift */ = {isa = PBXFileReference; fileEncoding = 4; lastKnownFileType = sourcecode.swift; path = ExclusivityController.swift; sourceTree = "<group>"; };
		4AB054F81C8FDFE2006FCFCA /* GroupOperation.swift */ = {isa = PBXFileReference; fileEncoding = 4; lastKnownFileType = sourcecode.swift; path = GroupOperation.swift; sourceTree = "<group>"; };
		4AB054F91C8FDFE2006FCFCA /* HealthCondition.swift */ = {isa = PBXFileReference; fileEncoding = 4; lastKnownFileType = sourcecode.swift; path = HealthCondition.swift; sourceTree = "<group>"; };
		4AB054FA1C8FDFE2006FCFCA /* LocationCondition.swift */ = {isa = PBXFileReference; fileEncoding = 4; lastKnownFileType = sourcecode.swift; path = LocationCondition.swift; sourceTree = "<group>"; };
		4AB054FB1C8FDFE2006FCFCA /* LocationOperation.swift */ = {isa = PBXFileReference; fileEncoding = 4; lastKnownFileType = sourcecode.swift; path = LocationOperation.swift; sourceTree = "<group>"; };
		4AB054FC1C8FDFE2006FCFCA /* MutuallyExclusive.swift */ = {isa = PBXFileReference; fileEncoding = 4; lastKnownFileType = sourcecode.swift; path = MutuallyExclusive.swift; sourceTree = "<group>"; };
		4AB054FD1C8FDFE2006FCFCA /* NegatedCondition.swift */ = {isa = PBXFileReference; fileEncoding = 4; lastKnownFileType = sourcecode.swift; path = NegatedCondition.swift; sourceTree = "<group>"; };
		4AB054FE1C8FDFE2006FCFCA /* NoCancelledDependencies.swift */ = {isa = PBXFileReference; fileEncoding = 4; lastKnownFileType = sourcecode.swift; path = NoCancelledDependencies.swift; sourceTree = "<group>"; };
		4AB054FF1C8FDFE2006FCFCA /* NSLock+Operations.swift */ = {isa = PBXFileReference; fileEncoding = 4; lastKnownFileType = sourcecode.swift; path = "NSLock+Operations.swift"; sourceTree = "<group>"; };
		4AB055001C8FDFE2006FCFCA /* NSOperation+Operations.swift */ = {isa = PBXFileReference; fileEncoding = 4; lastKnownFileType = sourcecode.swift; path = "NSOperation+Operations.swift"; sourceTree = "<group>"; };
		4AB055011C8FDFE2006FCFCA /* Operation.swift */ = {isa = PBXFileReference; fileEncoding = 4; lastKnownFileType = sourcecode.swift; path = Operation.swift; sourceTree = "<group>"; };
		4AB055021C8FDFE2006FCFCA /* OperationCondition.swift */ = {isa = PBXFileReference; fileEncoding = 4; lastKnownFileType = sourcecode.swift; path = OperationCondition.swift; sourceTree = "<group>"; };
		4AB055031C8FDFE2006FCFCA /* OperationErrors.swift */ = {isa = PBXFileReference; fileEncoding = 4; lastKnownFileType = sourcecode.swift; path = OperationErrors.swift; sourceTree = "<group>"; };
		4AB055041C8FDFE2006FCFCA /* OperationObserver.swift */ = {isa = PBXFileReference; fileEncoding = 4; lastKnownFileType = sourcecode.swift; path = OperationObserver.swift; sourceTree = "<group>"; };
		4AB055051C8FDFE2006FCFCA /* OperationQueue.swift */ = {isa = PBXFileReference; fileEncoding = 4; lastKnownFileType = sourcecode.swift; path = OperationQueue.swift; sourceTree = "<group>"; };
		4AB055061C8FDFE2006FCFCA /* PassbookCondition.swift */ = {isa = PBXFileReference; fileEncoding = 4; lastKnownFileType = sourcecode.swift; path = PassbookCondition.swift; sourceTree = "<group>"; };
		4AB055071C8FDFE2006FCFCA /* PhotosCondition.swift */ = {isa = PBXFileReference; fileEncoding = 4; lastKnownFileType = sourcecode.swift; path = PhotosCondition.swift; sourceTree = "<group>"; };
		4AB055081C8FDFE2006FCFCA /* ReachabilityCondition.swift */ = {isa = PBXFileReference; fileEncoding = 4; lastKnownFileType = sourcecode.swift; path = ReachabilityCondition.swift; sourceTree = "<group>"; };
		4AB055091C8FDFE2006FCFCA /* RemoteNotificationCondition.swift */ = {isa = PBXFileReference; fileEncoding = 4; lastKnownFileType = sourcecode.swift; path = RemoteNotificationCondition.swift; sourceTree = "<group>"; };
		4AB0550A1C8FDFE2006FCFCA /* SilentCondition.swift */ = {isa = PBXFileReference; fileEncoding = 4; lastKnownFileType = sourcecode.swift; path = SilentCondition.swift; sourceTree = "<group>"; };
		4AB0550B1C8FDFE2006FCFCA /* TimeoutObserver.swift */ = {isa = PBXFileReference; fileEncoding = 4; lastKnownFileType = sourcecode.swift; path = TimeoutObserver.swift; sourceTree = "<group>"; };
		4AB0550C1C8FDFE2006FCFCA /* UIUserNotifications+Operations.swift */ = {isa = PBXFileReference; fileEncoding = 4; lastKnownFileType = sourcecode.swift; path = "UIUserNotifications+Operations.swift"; sourceTree = "<group>"; };
		4AB0550D1C8FDFE2006FCFCA /* URLSessionTaskOperation.swift */ = {isa = PBXFileReference; fileEncoding = 4; lastKnownFileType = sourcecode.swift; path = URLSessionTaskOperation.swift; sourceTree = "<group>"; };
		4AB0550E1C8FDFE2006FCFCA /* UserNotificationCondition.swift */ = {isa = PBXFileReference; fileEncoding = 4; lastKnownFileType = sourcecode.swift; path = UserNotificationCondition.swift; sourceTree = "<group>"; };
/* End PBXFileReference section */

/* Begin PBXFrameworksBuildPhase section */
		4AB054D11C8FDF08006FCFCA /* Frameworks */ = {
			isa = PBXFrameworksBuildPhase;
			buildActionMask = 2147483647;
			files = (
			);
			runOnlyForDeploymentPostprocessing = 0;
		};
		4AB054DC1C8FDF08006FCFCA /* Frameworks */ = {
			isa = PBXFrameworksBuildPhase;
			buildActionMask = 2147483647;
			files = (
				4AB054E01C8FDF08006FCFCA /* DataDriver.framework in Frameworks */,
			);
			runOnlyForDeploymentPostprocessing = 0;
		};
/* End PBXFrameworksBuildPhase section */

/* Begin PBXGroup section */
		4A47DD961CA0B0CD00A232FD /* Data Conditioning */ = {
			isa = PBXGroup;
			children = (
				4A47DD861CA0B0C300A232FD /* DataConditionerOperation.swift */,
				4A47DD871CA0B0C300A232FD /* JSONCollectionProcessor.swift */,
				4A47DD881CA0B0C300A232FD /* JSONEntityProcessor.swift */,
				4A47DD891CA0B0C300A232FD /* JSONAttributeProcessor.swift */,
				4A47DD8A1CA0B0C300A232FD /* NotificationProcessor.swift */,
				4A47DD8B1CA0B0C300A232FD /* JSONObjectDataConditionerFactory.swift */,
				4A47DD8C1CA0B0C300A232FD /* JSONObjectConditioner.swift */,
				4A47DD8D1CA0B0C300A232FD /* ImageDataProcessor.swift */,
			);
			name = "Data Conditioning";
			sourceTree = "<group>";
		};
		4A6A20B81C98B6A1001D8A41 /* Request Operations */ = {
			isa = PBXGroup;
			children = (
				4A6A20B91C98BA3E001D8A41 /* TransactionOperation.swift */,
				4A47DD991CA497F100A232FD /* TransactionDelegate.swift */,
				4A6A20CE1C98D09F001D8A41 /* RemoteStoreRequestOperation.swift */,
				4A6A20D21C98D0DA001D8A41 /* ContextValidatorOperation.swift */,
				4A6A20D01C98D0B8001D8A41 /* DataConditioningOperation.swift */,
				4A6A20CA1C98CDE0001D8A41 /* RequestDataOperation.swift */,
				4A6A20C81C98CA87001D8A41 /* RequestConstructionOperation.swift */,
				4A6A20CC1C98D033001D8A41 /* RequestValidation.swift */,
				4A47DD961CA0B0CD00A232FD /* Data Conditioning */,
				4A6A20C11C98BB82001D8A41 /* Remote Store Request Construction */,
			);
			name = "Request Operations";
			sourceTree = "<group>";
		};
		4A6A20C11C98BB82001D8A41 /* Remote Store Request Construction */ = {
			isa = PBXGroup;
			children = (
				4A6A20BB1C98BB82001D8A41 /* EntityProcessor.swift */,
				4A6A20BC1C98BB82001D8A41 /* InsertionFactory.swift */,
				4A6A20BD1C98BB82001D8A41 /* UpdateFactory.swift */,
				4A6A20BE1C98BB82001D8A41 /* DeletionFactory.swift */,
				4A6A20BF1C98BB82001D8A41 /* RemoteStoreRequest.swift */,
				4A6A20C01C98BB82001D8A41 /* NSURLRequest+RequestResponse.swift */,
			);
			name = "Remote Store Request Construction";
			path = "../../../../Contracted Development/PREMO/Premo/Premo";
			sourceTree = "<group>";
		};
		4AB054CB1C8FDF08006FCFCA = {
			isa = PBXGroup;
			children = (
				4AB054D71C8FDF08006FCFCA /* DataDriver */,
				4AB054E31C8FDF08006FCFCA /* DataDriverTests */,
				4AB054D61C8FDF08006FCFCA /* Products */,
			);
			sourceTree = "<group>";
		};
		4AB054D61C8FDF08006FCFCA /* Products */ = {
			isa = PBXGroup;
			children = (
				4AB054D51C8FDF08006FCFCA /* DataDriver.framework */,
				4AB054DF1C8FDF08006FCFCA /* DataDriverTests.xctest */,
			);
			name = Products;
			sourceTree = "<group>";
		};
		4AB054D71C8FDF08006FCFCA /* DataDriver */ = {
			isa = PBXGroup;
			children = (
				4AB054D81C8FDF08006FCFCA /* DataDriver.h */,
				4A6A20A81C98AE96001D8A41 /* DataLayer.swift */,
				4A47DD971CA2275B00A232FD /* DataLayerDelegate.swift */,
				4A6A20AA1C98AE9F001D8A41 /* PersistentStoreCoordinator.swift */,
				4A6A20AC1C98B59C001D8A41 /* OperationGraphManager.swift */,
				4A6A20AE1C98B5AC001D8A41 /* StoreReference.swift */,
				4A6A20B01C98B5B2001D8A41 /* NetworkStoreRequest.swift */,
				4A6A20B41C98B5DD001D8A41 /* NetworkStoreSaveRequest.swift */,
				4A6A20B21C98B5B8001D8A41 /* NetworkStoreFetchRequest.swift */,
				4A6A20B61C98B5FC001D8A41 /* Constants.swift */,
				4AB054DA1C8FDF08006FCFCA /* Info.plist */,
				4AB054EF1C8FDFE2006FCFCA /* Base Operations */,
				4A6A20B81C98B6A1001D8A41 /* Request Operations */,
			);
			path = DataDriver;
			sourceTree = "<group>";
		};
		4AB054E31C8FDF08006FCFCA /* DataDriverTests */ = {
			isa = PBXGroup;
			children = (
				4AB054E41C8FDF08006FCFCA /* DataDriverTests.swift */,
				4AB054E61C8FDF08006FCFCA /* Info.plist */,
			);
			path = DataDriverTests;
			sourceTree = "<group>";
		};
		4AB054EF1C8FDFE2006FCFCA /* Base Operations */ = {
			isa = PBXGroup;
			children = (
				4AB054F01C8FDFE2006FCFCA /* BlockObserver.swift */,
				4AB054F11C8FDFE2006FCFCA /* BlockOperation.swift */,
				4AB054F21C8FDFE2006FCFCA /* CalendarCondition.swift */,
				4AB054F31C8FDFE2006FCFCA /* CKContainer+Operations.swift */,
				4AB054F41C8FDFE2006FCFCA /* CloudCondition.swift */,
				4AB054F51C8FDFE2006FCFCA /* DelayOperation.swift */,
				4AB054F61C8FDFE2006FCFCA /* Dictionary+Operations.swift */,
				4AB054F71C8FDFE2006FCFCA /* ExclusivityController.swift */,
				4AB054F81C8FDFE2006FCFCA /* GroupOperation.swift */,
				4AB054F91C8FDFE2006FCFCA /* HealthCondition.swift */,
				4AB054FA1C8FDFE2006FCFCA /* LocationCondition.swift */,
				4AB054FB1C8FDFE2006FCFCA /* LocationOperation.swift */,
				4AB054FC1C8FDFE2006FCFCA /* MutuallyExclusive.swift */,
				4AB054FD1C8FDFE2006FCFCA /* NegatedCondition.swift */,
				4AB054FE1C8FDFE2006FCFCA /* NoCancelledDependencies.swift */,
				4AB054FF1C8FDFE2006FCFCA /* NSLock+Operations.swift */,
				4AB055001C8FDFE2006FCFCA /* NSOperation+Operations.swift */,
				4AB055011C8FDFE2006FCFCA /* Operation.swift */,
				4AB055021C8FDFE2006FCFCA /* OperationCondition.swift */,
				4AB055031C8FDFE2006FCFCA /* OperationErrors.swift */,
				4AB055041C8FDFE2006FCFCA /* OperationObserver.swift */,
				4AB055051C8FDFE2006FCFCA /* OperationQueue.swift */,
				4AB055061C8FDFE2006FCFCA /* PassbookCondition.swift */,
				4AB055071C8FDFE2006FCFCA /* PhotosCondition.swift */,
				4AB055081C8FDFE2006FCFCA /* ReachabilityCondition.swift */,
				4AB055091C8FDFE2006FCFCA /* RemoteNotificationCondition.swift */,
				4AB0550A1C8FDFE2006FCFCA /* SilentCondition.swift */,
				4AB0550B1C8FDFE2006FCFCA /* TimeoutObserver.swift */,
				4AB0550C1C8FDFE2006FCFCA /* UIUserNotifications+Operations.swift */,
				4AB0550D1C8FDFE2006FCFCA /* URLSessionTaskOperation.swift */,
				4AB0550E1C8FDFE2006FCFCA /* UserNotificationCondition.swift */,
			);
			path = "Base Operations";
			sourceTree = "<group>";
		};
/* End PBXGroup section */

/* Begin PBXHeadersBuildPhase section */
		4AB054D21C8FDF08006FCFCA /* Headers */ = {
			isa = PBXHeadersBuildPhase;
			buildActionMask = 2147483647;
			files = (
				4AB054D91C8FDF08006FCFCA /* DataDriver.h in Headers */,
			);
			runOnlyForDeploymentPostprocessing = 0;
		};
/* End PBXHeadersBuildPhase section */

/* Begin PBXNativeTarget section */
		4AB054D41C8FDF08006FCFCA /* DataDriver */ = {
			isa = PBXNativeTarget;
			buildConfigurationList = 4AB054E91C8FDF08006FCFCA /* Build configuration list for PBXNativeTarget "DataDriver" */;
			buildPhases = (
				4AB054D01C8FDF08006FCFCA /* Sources */,
				4AB054D11C8FDF08006FCFCA /* Frameworks */,
				4AB054D21C8FDF08006FCFCA /* Headers */,
				4AB054D31C8FDF08006FCFCA /* Resources */,
			);
			buildRules = (
			);
			dependencies = (
			);
			name = DataDriver;
			productName = DataDriver;
			productReference = 4AB054D51C8FDF08006FCFCA /* DataDriver.framework */;
			productType = "com.apple.product-type.framework";
		};
		4AB054DE1C8FDF08006FCFCA /* DataDriverTests */ = {
			isa = PBXNativeTarget;
			buildConfigurationList = 4AB054EC1C8FDF08006FCFCA /* Build configuration list for PBXNativeTarget "DataDriverTests" */;
			buildPhases = (
				4AB054DB1C8FDF08006FCFCA /* Sources */,
				4AB054DC1C8FDF08006FCFCA /* Frameworks */,
				4AB054DD1C8FDF08006FCFCA /* Resources */,
			);
			buildRules = (
			);
			dependencies = (
				4AB054E21C8FDF08006FCFCA /* PBXTargetDependency */,
			);
			name = DataDriverTests;
			productName = DataDriverTests;
			productReference = 4AB054DF1C8FDF08006FCFCA /* DataDriverTests.xctest */;
			productType = "com.apple.product-type.bundle.unit-test";
		};
/* End PBXNativeTarget section */

/* Begin PBXProject section */
		4AB054CC1C8FDF08006FCFCA /* Project object */ = {
			isa = PBXProject;
			attributes = {
				LastSwiftUpdateCheck = 0720;
				LastUpgradeCheck = 0720;
				ORGANIZATIONNAME = "Curated Cocoa LLC";
				TargetAttributes = {
					4AB054D41C8FDF08006FCFCA = {
						CreatedOnToolsVersion = 7.2.1;
					};
					4AB054DE1C8FDF08006FCFCA = {
						CreatedOnToolsVersion = 7.2.1;
					};
				};
			};
			buildConfigurationList = 4AB054CF1C8FDF08006FCFCA /* Build configuration list for PBXProject "DataDriver" */;
			compatibilityVersion = "Xcode 3.2";
			developmentRegion = English;
			hasScannedForEncodings = 0;
			knownRegions = (
				en,
			);
			mainGroup = 4AB054CB1C8FDF08006FCFCA;
			productRefGroup = 4AB054D61C8FDF08006FCFCA /* Products */;
			projectDirPath = "";
			projectRoot = "";
			targets = (
				4AB054D41C8FDF08006FCFCA /* DataDriver */,
				4AB054DE1C8FDF08006FCFCA /* DataDriverTests */,
			);
		};
/* End PBXProject section */

/* Begin PBXResourcesBuildPhase section */
		4AB054D31C8FDF08006FCFCA /* Resources */ = {
			isa = PBXResourcesBuildPhase;
			buildActionMask = 2147483647;
			files = (
			);
			runOnlyForDeploymentPostprocessing = 0;
		};
		4AB054DD1C8FDF08006FCFCA /* Resources */ = {
			isa = PBXResourcesBuildPhase;
			buildActionMask = 2147483647;
			files = (
			);
			runOnlyForDeploymentPostprocessing = 0;
		};
/* End PBXResourcesBuildPhase section */

/* Begin PBXSourcesBuildPhase section */
		4AB054D01C8FDF08006FCFCA /* Sources */ = {
			isa = PBXSourcesBuildPhase;
			buildActionMask = 2147483647;
			files = (
				4AB055191C8FDFE2006FCFCA /* LocationCondition.swift in Sources */,
				4AB0551B1C8FDFE2006FCFCA /* MutuallyExclusive.swift in Sources */,
				4AB055231C8FDFE2006FCFCA /* OperationObserver.swift in Sources */,
				4AB055131C8FDFE2006FCFCA /* CloudCondition.swift in Sources */,
				4A47DD941CA0B0C300A232FD /* JSONObjectConditioner.swift in Sources */,
				4AB0550F1C8FDFE2006FCFCA /* BlockObserver.swift in Sources */,
				4A47DD901CA0B0C300A232FD /* JSONEntityProcessor.swift in Sources */,
				4A47DD9A1CA497F100A232FD /* TransactionDelegate.swift in Sources */,
				4A6A20B51C98B5DD001D8A41 /* NetworkStoreSaveRequest.swift in Sources */,
				4AB0551C1C8FDFE2006FCFCA /* NegatedCondition.swift in Sources */,
				4AB0552D1C8FDFE2006FCFCA /* UserNotificationCondition.swift in Sources */,
				4AB055201C8FDFE2006FCFCA /* Operation.swift in Sources */,
				4AB0552C1C8FDFE2006FCFCA /* URLSessionTaskOperation.swift in Sources */,
				4A6A20D31C98D0DA001D8A41 /* ContextValidatorOperation.swift in Sources */,
				4A47DD931CA0B0C300A232FD /* JSONObjectDataConditionerFactory.swift in Sources */,
				4A47DD981CA2275B00A232FD /* DataLayerDelegate.swift in Sources */,
				4AB055241C8FDFE2006FCFCA /* OperationQueue.swift in Sources */,
				4AB055151C8FDFE2006FCFCA /* Dictionary+Operations.swift in Sources */,
				4A47DD951CA0B0C300A232FD /* ImageDataProcessor.swift in Sources */,
				4AB0551D1C8FDFE2006FCFCA /* NoCancelledDependencies.swift in Sources */,
				4A6A20BA1C98BA3E001D8A41 /* TransactionOperation.swift in Sources */,
				4A6A20AD1C98B59C001D8A41 /* OperationGraphManager.swift in Sources */,
				4A6A20B71C98B5FC001D8A41 /* Constants.swift in Sources */,
				4AB0551A1C8FDFE2006FCFCA /* LocationOperation.swift in Sources */,
				4A47DD8F1CA0B0C300A232FD /* JSONCollectionProcessor.swift in Sources */,
				4AB055161C8FDFE2006FCFCA /* ExclusivityController.swift in Sources */,
				4A6A20C71C98BB82001D8A41 /* NSURLRequest+RequestResponse.swift in Sources */,
				4AB055261C8FDFE2006FCFCA /* PhotosCondition.swift in Sources */,
				4A6A20AB1C98AE9F001D8A41 /* PersistentStoreCoordinator.swift in Sources */,
				4AB055171C8FDFE2006FCFCA /* GroupOperation.swift in Sources */,
				4AB055281C8FDFE2006FCFCA /* RemoteNotificationCondition.swift in Sources */,
				4AB055111C8FDFE2006FCFCA /* CalendarCondition.swift in Sources */,
				4AB0551E1C8FDFE2006FCFCA /* NSLock+Operations.swift in Sources */,
				4A6A20C41C98BB82001D8A41 /* UpdateFactory.swift in Sources */,
				4A47DD911CA0B0C300A232FD /* JSONAttributeProcessor.swift in Sources */,
				4A6A20B11C98B5B2001D8A41 /* NetworkStoreRequest.swift in Sources */,
				4AB0551F1C8FDFE2006FCFCA /* NSOperation+Operations.swift in Sources */,
				4AB055211C8FDFE2006FCFCA /* OperationCondition.swift in Sources */,
				4AB0552A1C8FDFE2006FCFCA /* TimeoutObserver.swift in Sources */,
				4A6A20C51C98BB82001D8A41 /* DeletionFactory.swift in Sources */,
				4AB055251C8FDFE2006FCFCA /* PassbookCondition.swift in Sources */,
				4A6A20C31C98BB82001D8A41 /* InsertionFactory.swift in Sources */,
				4A6A20CD1C98D033001D8A41 /* RequestValidation.swift in Sources */,
				4AB055101C8FDFE2006FCFCA /* BlockOperation.swift in Sources */,
				4A6A20AF1C98B5AC001D8A41 /* StoreReference.swift in Sources */,
				4A47DD921CA0B0C300A232FD /* NotificationProcessor.swift in Sources */,
				4A6A20C61C98BB82001D8A41 /* RemoteStoreRequest.swift in Sources */,
				4A6A20A91C98AE96001D8A41 /* DataLayer.swift in Sources */,
				4A47DD8E1CA0B0C300A232FD /* DataConditionerOperation.swift in Sources */,
				4AB055121C8FDFE2006FCFCA /* CKContainer+Operations.swift in Sources */,
				4AB055141C8FDFE2006FCFCA /* DelayOperation.swift in Sources */,
				4AB055291C8FDFE2006FCFCA /* SilentCondition.swift in Sources */,
				4A6A20B31C98B5B8001D8A41 /* NetworkStoreFetchRequest.swift in Sources */,
				4A6A20CB1C98CDE0001D8A41 /* RequestDataOperation.swift in Sources */,
				4AB0552B1C8FDFE2006FCFCA /* UIUserNotifications+Operations.swift in Sources */,
				4A6A20D11C98D0B8001D8A41 /* DataConditioningOperation.swift in Sources */,
				4AB055221C8FDFE2006FCFCA /* OperationErrors.swift in Sources */,
				4A6A20C91C98CA87001D8A41 /* RequestConstructionOperation.swift in Sources */,
				4AB055181C8FDFE2006FCFCA /* HealthCondition.swift in Sources */,
				4A6A20CF1C98D09F001D8A41 /* RemoteStoreRequestOperation.swift in Sources */,
				4AB055271C8FDFE2006FCFCA /* ReachabilityCondition.swift in Sources */,
				4A6A20C21C98BB82001D8A41 /* EntityProcessor.swift in Sources */,
			);
			runOnlyForDeploymentPostprocessing = 0;
		};
		4AB054DB1C8FDF08006FCFCA /* Sources */ = {
			isa = PBXSourcesBuildPhase;
			buildActionMask = 2147483647;
			files = (
				4AB054E51C8FDF08006FCFCA /* DataDriverTests.swift in Sources */,
			);
			runOnlyForDeploymentPostprocessing = 0;
		};
/* End PBXSourcesBuildPhase section */

/* Begin PBXTargetDependency section */
		4AB054E21C8FDF08006FCFCA /* PBXTargetDependency */ = {
			isa = PBXTargetDependency;
			target = 4AB054D41C8FDF08006FCFCA /* DataDriver */;
			targetProxy = 4AB054E11C8FDF08006FCFCA /* PBXContainerItemProxy */;
		};
/* End PBXTargetDependency section */

/* Begin XCBuildConfiguration section */
		4AB054E71C8FDF08006FCFCA /* Debug */ = {
			isa = XCBuildConfiguration;
			buildSettings = {
				ALWAYS_SEARCH_USER_PATHS = NO;
				CLANG_CXX_LANGUAGE_STANDARD = "gnu++0x";
				CLANG_CXX_LIBRARY = "libc++";
				CLANG_ENABLE_MODULES = YES;
				CLANG_ENABLE_OBJC_ARC = YES;
				CLANG_WARN_BOOL_CONVERSION = YES;
				CLANG_WARN_CONSTANT_CONVERSION = YES;
				CLANG_WARN_DIRECT_OBJC_ISA_USAGE = YES_ERROR;
				CLANG_WARN_EMPTY_BODY = YES;
				CLANG_WARN_ENUM_CONVERSION = YES;
				CLANG_WARN_INT_CONVERSION = YES;
				CLANG_WARN_OBJC_ROOT_CLASS = YES_ERROR;
				CLANG_WARN_UNREACHABLE_CODE = YES;
				CLANG_WARN__DUPLICATE_METHOD_MATCH = YES;
				"CODE_SIGN_IDENTITY[sdk=iphoneos*]" = "iPhone Developer";
				COPY_PHASE_STRIP = NO;
				CURRENT_PROJECT_VERSION = 1;
				DEBUG_INFORMATION_FORMAT = dwarf;
				ENABLE_STRICT_OBJC_MSGSEND = YES;
				ENABLE_TESTABILITY = YES;
				GCC_C_LANGUAGE_STANDARD = gnu99;
				GCC_DYNAMIC_NO_PIC = NO;
				GCC_NO_COMMON_BLOCKS = YES;
				GCC_OPTIMIZATION_LEVEL = 0;
				GCC_PREPROCESSOR_DEFINITIONS = (
					"DEBUG=1",
					"$(inherited)",
				);
				GCC_WARN_64_TO_32_BIT_CONVERSION = YES;
				GCC_WARN_ABOUT_RETURN_TYPE = YES_ERROR;
				GCC_WARN_UNDECLARED_SELECTOR = YES;
				GCC_WARN_UNINITIALIZED_AUTOS = YES_AGGRESSIVE;
				GCC_WARN_UNUSED_FUNCTION = YES;
				GCC_WARN_UNUSED_VARIABLE = YES;
				IPHONEOS_DEPLOYMENT_TARGET = 9.2;
				MTL_ENABLE_DEBUG_INFO = YES;
				ONLY_ACTIVE_ARCH = YES;
				SDKROOT = iphoneos;
				SWIFT_OPTIMIZATION_LEVEL = "-Onone";
				TARGETED_DEVICE_FAMILY = "1,2";
				VERSIONING_SYSTEM = "apple-generic";
				VERSION_INFO_PREFIX = "";
			};
			name = Debug;
		};
		4AB054E81C8FDF08006FCFCA /* Release */ = {
			isa = XCBuildConfiguration;
			buildSettings = {
				ALWAYS_SEARCH_USER_PATHS = NO;
				CLANG_CXX_LANGUAGE_STANDARD = "gnu++0x";
				CLANG_CXX_LIBRARY = "libc++";
				CLANG_ENABLE_MODULES = YES;
				CLANG_ENABLE_OBJC_ARC = YES;
				CLANG_WARN_BOOL_CONVERSION = YES;
				CLANG_WARN_CONSTANT_CONVERSION = YES;
				CLANG_WARN_DIRECT_OBJC_ISA_USAGE = YES_ERROR;
				CLANG_WARN_EMPTY_BODY = YES;
				CLANG_WARN_ENUM_CONVERSION = YES;
				CLANG_WARN_INT_CONVERSION = YES;
				CLANG_WARN_OBJC_ROOT_CLASS = YES_ERROR;
				CLANG_WARN_UNREACHABLE_CODE = YES;
				CLANG_WARN__DUPLICATE_METHOD_MATCH = YES;
				"CODE_SIGN_IDENTITY[sdk=iphoneos*]" = "iPhone Developer";
				COPY_PHASE_STRIP = NO;
				CURRENT_PROJECT_VERSION = 1;
				DEBUG_INFORMATION_FORMAT = "dwarf-with-dsym";
				ENABLE_NS_ASSERTIONS = NO;
				ENABLE_STRICT_OBJC_MSGSEND = YES;
				GCC_C_LANGUAGE_STANDARD = gnu99;
				GCC_NO_COMMON_BLOCKS = YES;
				GCC_WARN_64_TO_32_BIT_CONVERSION = YES;
				GCC_WARN_ABOUT_RETURN_TYPE = YES_ERROR;
				GCC_WARN_UNDECLARED_SELECTOR = YES;
				GCC_WARN_UNINITIALIZED_AUTOS = YES_AGGRESSIVE;
				GCC_WARN_UNUSED_FUNCTION = YES;
				GCC_WARN_UNUSED_VARIABLE = YES;
				IPHONEOS_DEPLOYMENT_TARGET = 9.2;
				MTL_ENABLE_DEBUG_INFO = NO;
				SDKROOT = iphoneos;
				TARGETED_DEVICE_FAMILY = "1,2";
				VALIDATE_PRODUCT = YES;
				VERSIONING_SYSTEM = "apple-generic";
				VERSION_INFO_PREFIX = "";
			};
			name = Release;
		};
		4AB054EA1C8FDF08006FCFCA /* Debug */ = {
			isa = XCBuildConfiguration;
			buildSettings = {
				DEFINES_MODULE = YES;
				DYLIB_COMPATIBILITY_VERSION = 1;
				DYLIB_CURRENT_VERSION = 1;
				DYLIB_INSTALL_NAME_BASE = "@rpath";
				INFOPLIST_FILE = DataDriver/Info.plist;
				INSTALL_PATH = "$(LOCAL_LIBRARY_DIR)/Frameworks";
				LD_RUNPATH_SEARCH_PATHS = "$(inherited) @executable_path/Frameworks @loader_path/Frameworks";
				PRODUCT_BUNDLE_IDENTIFIER = com.curatedcocoa.DataDriver;
				PRODUCT_NAME = "$(TARGET_NAME)";
				SKIP_INSTALL = YES;
			};
			name = Debug;
		};
		4AB054EB1C8FDF08006FCFCA /* Release */ = {
			isa = XCBuildConfiguration;
			buildSettings = {
				DEFINES_MODULE = YES;
				DYLIB_COMPATIBILITY_VERSION = 1;
				DYLIB_CURRENT_VERSION = 1;
				DYLIB_INSTALL_NAME_BASE = "@rpath";
				INFOPLIST_FILE = DataDriver/Info.plist;
				INSTALL_PATH = "$(LOCAL_LIBRARY_DIR)/Frameworks";
				LD_RUNPATH_SEARCH_PATHS = "$(inherited) @executable_path/Frameworks @loader_path/Frameworks";
				PRODUCT_BUNDLE_IDENTIFIER = com.curatedcocoa.DataDriver;
				PRODUCT_NAME = "$(TARGET_NAME)";
				SKIP_INSTALL = YES;
			};
			name = Release;
		};
		4AB054ED1C8FDF08006FCFCA /* Debug */ = {
			isa = XCBuildConfiguration;
			buildSettings = {
				INFOPLIST_FILE = DataDriverTests/Info.plist;
				LD_RUNPATH_SEARCH_PATHS = "$(inherited) @executable_path/Frameworks @loader_path/Frameworks";
				PRODUCT_BUNDLE_IDENTIFIER = com.curatedcocoa.DataDriverTests;
				PRODUCT_NAME = "$(TARGET_NAME)";
			};
			name = Debug;
		};
		4AB054EE1C8FDF08006FCFCA /* Release */ = {
			isa = XCBuildConfiguration;
			buildSettings = {
				INFOPLIST_FILE = DataDriverTests/Info.plist;
				LD_RUNPATH_SEARCH_PATHS = "$(inherited) @executable_path/Frameworks @loader_path/Frameworks";
				PRODUCT_BUNDLE_IDENTIFIER = com.curatedcocoa.DataDriverTests;
				PRODUCT_NAME = "$(TARGET_NAME)";
			};
			name = Release;
		};
/* End XCBuildConfiguration section */

/* Begin XCConfigurationList section */
		4AB054CF1C8FDF08006FCFCA /* Build configuration list for PBXProject "DataDriver" */ = {
			isa = XCConfigurationList;
			buildConfigurations = (
				4AB054E71C8FDF08006FCFCA /* Debug */,
				4AB054E81C8FDF08006FCFCA /* Release */,
			);
			defaultConfigurationIsVisible = 0;
			defaultConfigurationName = Release;
		};
		4AB054E91C8FDF08006FCFCA /* Build configuration list for PBXNativeTarget "DataDriver" */ = {
			isa = XCConfigurationList;
			buildConfigurations = (
				4AB054EA1C8FDF08006FCFCA /* Debug */,
				4AB054EB1C8FDF08006FCFCA /* Release */,
			);
			defaultConfigurationIsVisible = 0;
			defaultConfigurationName = Release;
		};
		4AB054EC1C8FDF08006FCFCA /* Build configuration list for PBXNativeTarget "DataDriverTests" */ = {
			isa = XCConfigurationList;
			buildConfigurations = (
				4AB054ED1C8FDF08006FCFCA /* Debug */,
				4AB054EE1C8FDF08006FCFCA /* Release */,
			);
			defaultConfigurationIsVisible = 0;
			defaultConfigurationName = Release;
		};
/* End XCConfigurationList section */
	};
	rootObject = 4AB054CC1C8FDF08006FCFCA /* Project object */;
}
